
Microsoft Visual Studio Solution File, Format Version 12.00
# Visual Studio Version 17
VisualStudioVersion = 17.4.33213.308
MinimumVisualStudioVersion = 10.0.40219.1
Project("{FAE04EC0-301F-11D3-BF4B-00C04F79EFBC}") = "EsemkaRestaurant", "EsemkaRestaurant\EsemkaRestaurant.csproj", "{4E92757A-B47D-48DB-A7F6-9260B55F1754}"
EndProject
Global
	GlobalSection(SolutionConfigurationPlatforms) = preSolution
		Debug|Any CPU = Debug|Any CPU
		Release|Any CPU = Release|Any CPU
	EndGlobalSection
	GlobalSection(ProjectConfigurationPlatforms) = postSolution
		{4E92757A-B47D-48DB-A7F6-9260B55F1754}.Debug|Any CPU.ActiveCfg = Debug|Any CPU
		{4E92757A-B47D-48DB-A7F6-9260B55F1754}.Debug|Any CPU.Build.0 = Debug|Any CPU
		{4E92757A-B47D-48DB-A7F6-9260B55F1754}.Release|Any CPU.ActiveCfg = Release|Any CPU
		{4E92757A-B47D-48DB-A7F6-9260B55F1754}.Release|Any CPU.Build.0 = Release|Any CPU
	EndGlobalSection
	GlobalSection(SolutionProperties) = preSolution
		HideSolutionNode = FALSE
	EndGlobalSection
	GlobalSection(ExtensibilityGlobals) = postSolution
		SolutionGuid = {05A34146-4E83-4E0C-B6EC-EBC2B437D62E}
	EndGlobalSection
EndGlobal
